
Microsoft Visual Studio Solution File, Format Version 12.00
# Visual Studio Version 17
VisualStudioVersion = 17.0.31903.59
MinimumVisualStudioVersion = 10.0.40219.1
Project("{2150E333-8FDC-42A3-9474-1A3956D46DE8}") = "apps", "apps", "{1787FE1D-075E-9E68-7218-25F1BD1BBEAB}"
EndProject
Project("{2150E333-8FDC-42A3-9474-1A3956D46DE8}") = "api", "api", "{BC2D172B-13BC-136C-CDB1-4B1A687208C4}"
EndProject
Project("{2150E333-8FDC-42A3-9474-1A3956D46DE8}") = "src", "src", "{5297E159-35AB-900F-0FBF-1931F1997C37}"
EndProject
Project("{FAE04EC0-301F-11D3-BF4B-00C04F79EFBC}") = "KnowledgeFoundry.Api", "apps\api\src\KnowledgeFoundry.Api\KnowledgeFoundry.Api.csproj", "{8E68CDD2-F0EB-4442-9027-8BD76A2905A8}"
EndProject
Project("{FAE04EC0-301F-11D3-BF4B-00C04F79EFBC}") = "KnowledgeFoundry.Application", "apps\api\src\KnowledgeFoundry.Application\KnowledgeFoundry.Application.csproj", "{1302B771-B8FE-4E3A-90E6-1E20735FE859}"
EndProject
Project("{FAE04EC0-301F-11D3-BF4B-00C04F79EFBC}") = "KnowledgeFoundry.Domain", "apps\api\src\KnowledgeFoundry.Domain\KnowledgeFoundry.Domain.csproj", "{EDC8C109-A988-4AFD-89CB-A779FF48D995}"
EndProject
Project("{FAE04EC0-301F-11D3-BF4B-00C04F79EFBC}") = "KnowledgeFoundry.Infrastructure", "apps\api\src\KnowledgeFoundry.Infrastructure\KnowledgeFoundry.Infrastructure.csproj", "{B77B7AC8-FD7F-4D7A-BCA4-CBBCC785EA58}"
EndProject
Project("{FAE04EC0-301F-11D3-BF4B-00C04F79EFBC}") = "KnowledgeFoundry.AIPlatform", "apps\api\src\KnowledgeFoundry.AIPlatform\KnowledgeFoundry.AIPlatform.csproj", "{42FC6082-A0C8-47A0-A93C-C7659E94B9B9}"
EndProject
Project("{2150E333-8FDC-42A3-9474-1A3956D46DE8}") = "tests", "tests", "{858C69E3-D23F-514B-EBEF-81CDB591EF58}"
EndProject
Project("{FAE04EC0-301F-11D3-BF4B-00C04F79EFBC}") = "KnowledgeFoundry.UnitTests", "apps\api\tests\KnowledgeFoundry.UnitTests\KnowledgeFoundry.UnitTests.csproj", "{BF1AA801-4DFC-4A25-A83D-62B89469525C}"
EndProject
Project("{FAE04EC0-301F-11D3-BF4B-00C04F79EFBC}") = "KnowledgeFoundry.IntegrationTests", "apps\api\tests\KnowledgeFoundry.IntegrationTests\KnowledgeFoundry.IntegrationTests.csproj", "{7C319EBB-456A-4712-B139-D2EFF4CE6AEC}"
EndProject
Global
	GlobalSection(SolutionConfigurationPlatforms) = preSolution
		Debug|Any CPU = Debug|Any CPU
		Debug|x64 = Debug|x64
		Debug|x86 = Debug|x86
		Release|Any CPU = Release|Any CPU
		Release|x64 = Release|x64
		Release|x86 = Release|x86
	EndGlobalSection
	GlobalSection(ProjectConfigurationPlatforms) = postSolution
		{8E68CDD2-F0EB-4442-9027-8BD76A2905A8}.Debug|Any CPU.ActiveCfg = Debug|Any CPU
		{8E68CDD2-F0EB-4442-9027-8BD76A2905A8}.Debug|Any CPU.Build.0 = Debug|Any CPU
		{8E68CDD2-F0EB-4442-9027-8BD76A2905A8}.Debug|x64.ActiveCfg = Debug|Any CPU
		{8E68CDD2-F0EB-4442-9027-8BD76A2905A8}.Debug|x64.Build.0 = Debug|Any CPU
		{8E68CDD2-F0EB-4442-9027-8BD76A2905A8}.Debug|x86.ActiveCfg = Debug|Any CPU
		{8E68CDD2-F0EB-4442-9027-8BD76A2905A8}.Debug|x86.Build.0 = Debug|Any CPU
		{8E68CDD2-F0EB-4442-9027-8BD76A2905A8}.Release|Any CPU.ActiveCfg = Release|Any CPU
		{8E68CDD2-F0EB-4442-9027-8BD76A2905A8}.Release|Any CPU.Build.0 = Release|Any CPU
		{8E68CDD2-F0EB-4442-9027-8BD76A2905A8}.Release|x64.ActiveCfg = Release|Any CPU
		{8E68CDD2-F0EB-4442-9027-8BD76A2905A8}.Release|x64.Build.0 = Release|Any CPU
		{8E68CDD2-F0EB-4442-9027-8BD76A2905A8}.Release|x86.ActiveCfg = Release|Any CPU
		{8E68CDD2-F0EB-4442-9027-8BD76A2905A8}.Release|x86.Build.0 = Release|Any CPU
		{1302B771-B8FE-4E3A-90E6-1E20735FE859}.Debug|Any CPU.ActiveCfg = Debug|Any CPU
		{1302B771-B8FE-4E3A-90E6-1E20735FE859}.Debug|Any CPU.Build.0 = Debug|Any CPU
		{1302B771-B8FE-4E3A-90E6-1E20735FE859}.Debug|x64.ActiveCfg = Debug|Any CPU
		{1302B771-B8FE-4E3A-90E6-1E20735FE859}.Debug|x64.Build.0 = Debug|Any CPU
		{1302B771-B8FE-4E3A-90E6-1E20735FE859}.Debug|x86.ActiveCfg = Debug|Any CPU
		{1302B771-B8FE-4E3A-90E6-1E20735FE859}.Debug|x86.Build.0 = Debug|Any CPU
		{1302B771-B8FE-4E3A-90E6-1E20735FE859}.Release|Any CPU.ActiveCfg = Release|Any CPU
		{1302B771-B8FE-4E3A-90E6-1E20735FE859}.Release|Any CPU.Build.0 = Release|Any CPU
		{1302B771-B8FE-4E3A-90E6-1E20735FE859}.Release|x64.ActiveCfg = Release|Any CPU
		{1302B771-B8FE-4E3A-90E6-1E20735FE859}.Release|x64.Build.0 = Release|Any CPU
		{1302B771-B8FE-4E3A-90E6-1E20735FE859}.Release|x86.ActiveCfg = Release|Any CPU
		{1302B771-B8FE-4E3A-90E6-1E20735FE859}.Release|x86.Build.0 = Release|Any CPU
		{EDC8C109-A988-4AFD-89CB-A779FF48D995}.Debug|Any CPU.ActiveCfg = Debug|Any CPU
		{EDC8C109-A988-4AFD-89CB-A779FF48D995}.Debug|Any CPU.Build.0 = Debug|Any CPU
		{EDC8C109-A988-4AFD-89CB-A779FF48D995}.Debug|x64.ActiveCfg = Debug|Any CPU
		{EDC8C109-A988-4AFD-89CB-A779FF48D995}.Debug|x64.Build.0 = Debug|Any CPU
		{EDC8C109-A988-4AFD-89CB-A779FF48D995}.Debug|x86.ActiveCfg = Debug|Any CPU
		{EDC8C109-A988-4AFD-89CB-A779FF48D995}.Debug|x86.Build.0 = Debug|Any CPU
		{EDC8C109-A988-4AFD-89CB-A779FF48D995}.Release|Any CPU.ActiveCfg = Release|Any CPU
		{EDC8C109-A988-4AFD-89CB-A779FF48D995}.Release|Any CPU.Build.0 = Release|Any CPU
		{EDC8C109-A988-4AFD-89CB-A779FF48D995}.Release|x64.ActiveCfg = Release|Any CPU
		{EDC8C109-A988-4AFD-89CB-A779FF48D995}.Release|x64.Build.0 = Release|Any CPU
		{EDC8C109-A988-4AFD-89CB-A779FF48D995}.Release|x86.ActiveCfg = Release|Any CPU
		{EDC8C109-A988-4AFD-89CB-A779FF48D995}.Release|x86.Build.0 = Release|Any CPU
		{B77B7AC8-FD7F-4D7A-BCA4-CBBCC785EA58}.Debug|Any CPU.ActiveCfg = Debug|Any CPU
		{B77B7AC8-FD7F-4D7A-BCA4-CBBCC785EA58}.Debug|Any CPU.Build.0 = Debug|Any CPU
		{B77B7AC8-FD7F-4D7A-BCA4-CBBCC785EA58}.Debug|x64.ActiveCfg = Debug|Any CPU
		{B77B7AC8-FD7F-4D7A-BCA4-CBBCC785EA58}.Debug|x64.Build.0 = Debug|Any CPU
		{B77B7AC8-FD7F-4D7A-BCA4-CBBCC785EA58}.Debug|x86.ActiveCfg = Debug|Any CPU
		{B77B7AC8-FD7F-4D7A-BCA4-CBBCC785EA58}.Debug|x86.Build.0 = Debug|Any CPU
		{B77B7AC8-FD7F-4D7A-BCA4-CBBCC785EA58}.Release|Any CPU.ActiveCfg = Release|Any CPU
		{B77B7AC8-FD7F-4D7A-BCA4-CBBCC785EA58}.Release|Any CPU.Build.0 = Release|Any CPU
		{B77B7AC8-FD7F-4D7A-BCA4-CBBCC785EA58}.Release|x64.ActiveCfg = Release|Any CPU
		{B77B7AC8-FD7F-4D7A-BCA4-CBBCC785EA58}.Release|x64.Build.0 = Release|Any CPU
		{B77B7AC8-FD7F-4D7A-BCA4-CBBCC785EA58}.Release|x86.ActiveCfg = Release|Any CPU
		{B77B7AC8-FD7F-4D7A-BCA4-CBBCC785EA58}.Release|x86.Build.0 = Release|Any CPU
		{42FC6082-A0C8-47A0-A93C-C7659E94B9B9}.Debug|Any CPU.ActiveCfg = Debug|Any CPU
		{42FC6082-A0C8-47A0-A93C-C7659E94B9B9}.Debug|Any CPU.Build.0 = Debug|Any CPU
		{42FC6082-A0C8-47A0-A93C-C7659E94B9B9}.Debug|x64.ActiveCfg = Debug|Any CPU
		{42FC6082-A0C8-47A0-A93C-C7659E94B9B9}.Debug|x64.Build.0 = Debug|Any CPU
		{42FC6082-A0C8-47A0-A93C-C7659E94B9B9}.Debug|x86.ActiveCfg = Debug|Any CPU
		{42FC6082-A0C8-47A0-A93C-C7659E94B9B9}.Debug|x86.Build.0 = Debug|Any CPU
		{42FC6082-A0C8-47A0-A93C-C7659E94B9B9}.Release|Any CPU.ActiveCfg = Release|Any CPU
		{42FC6082-A0C8-47A0-A93C-C7659E94B9B9}.Release|Any CPU.Build.0 = Release|Any CPU
		{42FC6082-A0C8-47A0-A93C-C7659E94B9B9}.Release|x64.ActiveCfg = Release|Any CPU
		{42FC6082-A0C8-47A0-A93C-C7659E94B9B9}.Release|x64.Build.0 = Release|Any CPU
		{42FC6082-A0C8-47A0-A93C-C7659E94B9B9}.Release|x86.ActiveCfg = Release|Any CPU
		{42FC6082-A0C8-47A0-A93C-C7659E94B9B9}.Release|x86.Build.0 = Release|Any CPU
		{BF1AA801-4DFC-4A25-A83D-62B89469525C}.Debug|Any CPU.ActiveCfg = Debug|Any CPU
		{BF1AA801-4DFC-4A25-A83D-62B89469525C}.Debug|Any CPU.Build.0 = Debug|Any CPU
		{BF1AA801-4DFC-4A25-A83D-62B89469525C}.Debug|x64.ActiveCfg = Debug|Any CPU
		{BF1AA801-4DFC-4A25-A83D-62B89469525C}.Debug|x64.Build.0 = Debug|Any CPU
		{BF1AA801-4DFC-4A25-A83D-62B89469525C}.Debug|x86.ActiveCfg = Debug|Any CPU
		{BF1AA801-4DFC-4A25-A83D-62B89469525C}.Debug|x86.Build.0 = Debug|Any CPU
		{BF1AA801-4DFC-4A25-A83D-62B89469525C}.Release|Any CPU.ActiveCfg = Release|Any CPU
		{BF1AA801-4DFC-4A25-A83D-62B89469525C}.Release|Any CPU.Build.0 = Release|Any CPU
		{BF1AA801-4DFC-4A25-A83D-62B89469525C}.Release|x64.ActiveCfg = Release|Any CPU
		{BF1AA801-4DFC-4A25-A83D-62B89469525C}.Release|x64.Build.0 = Release|Any CPU
		{BF1AA801-4DFC-4A25-A83D-62B89469525C}.Release|x86.ActiveCfg = Release|Any CPU
		{BF1AA801-4DFC-4A25-A83D-62B89469525C}.Release|x86.Build.0 = Release|Any CPU
		{7C319EBB-456A-4712-B139-D2EFF4CE6AEC}.Debug|Any CPU.ActiveCfg = Debug|Any CPU
		{7C319EBB-456A-4712-B139-D2EFF4CE6AEC}.Debug|Any CPU.Build.0 = Debug|Any CPU
		{7C319EBB-456A-4712-B139-D2EFF4CE6AEC}.Debug|x64.ActiveCfg = Debug|Any CPU
		{7C319EBB-456A-4712-B139-D2EFF4CE6AEC}.Debug|x64.Build.0 = Debug|Any CPU
		{7C319EBB-456A-4712-B139-D2EFF4CE6AEC}.Debug|x86.ActiveCfg = Debug|Any CPU
		{7C319EBB-456A-4712-B139-D2EFF4CE6AEC}.Debug|x86.Build.0 = Debug|Any CPU
		{7C319EBB-456A-4712-B139-D2EFF4CE6AEC}.Release|Any CPU.ActiveCfg = Release|Any CPU
		{7C319EBB-456A-4712-B139-D2EFF4CE6AEC}.Release|Any CPU.Build.0 = Release|Any CPU
		{7C319EBB-456A-4712-B139-D2EFF4CE6AEC}.Release|x64.ActiveCfg = Release|Any CPU
		{7C319EBB-456A-4712-B139-D2EFF4CE6AEC}.Release|x64.Build.0 = Release|Any CPU
		{7C319EBB-456A-4712-B139-D2EFF4CE6AEC}.Release|x86.ActiveCfg = Release|Any CPU
		{7C319EBB-456A-4712-B139-D2EFF4CE6AEC}.Release|x86.Build.0 = Release|Any CPU
	EndGlobalSection
	GlobalSection(SolutionProperties) = preSolution
		HideSolutionNode = FALSE
	EndGlobalSection
	GlobalSection(NestedProjects) = preSolution
		{BC2D172B-13BC-136C-CDB1-4B1A687208C4} = {1787FE1D-075E-9E68-7218-25F1BD1BBEAB}
		{5297E159-35AB-900F-0FBF-1931F1997C37} = {BC2D172B-13BC-136C-CDB1-4B1A687208C4}
		{8E68CDD2-F0EB-4442-9027-8BD76A2905A8} = {5297E159-35AB-900F-0FBF-1931F1997C37}
		{1302B771-B8FE-4E3A-90E6-1E20735FE859} = {5297E159-35AB-900F-0FBF-1931F1997C37}
		{EDC8C109-A988-4AFD-89CB-A779FF48D995} = {5297E159-35AB-900F-0FBF-1931F1997C37}
		{B77B7AC8-FD7F-4D7A-BCA4-CBBCC785EA58} = {5297E159-35AB-900F-0FBF-1931F1997C37}
		{42FC6082-A0C8-47A0-A93C-C7659E94B9B9} = {5297E159-35AB-900F-0FBF-1931F1997C37}
		{858C69E3-D23F-514B-EBEF-81CDB591EF58} = {BC2D172B-13BC-136C-CDB1-4B1A687208C4}
		{BF1AA801-4DFC-4A25-A83D-62B89469525C} = {858C69E3-D23F-514B-EBEF-81CDB591EF58}
		{7C319EBB-456A-4712-B139-D2EFF4CE6AEC} = {858C69E3-D23F-514B-EBEF-81CDB591EF58}
	EndGlobalSection
EndGlobal
